
Microsoft Visual Studio Solution File, Format Version 12.00
# Visual Studio Version 16
VisualStudioVersion = 16.0.30907.101
MinimumVisualStudioVersion = 10.0.40219.1
Project("{FAE04EC0-301F-11D3-BF4B-00C04F79EFBC}") = "Login_Process", "Login_Process\Login_Process.csproj", "{98ED79E1-45BD-44DF-A9CB-E7CA91E5CA01}"
EndProject
Global
	GlobalSection(SolutionConfigurationPlatforms) = preSolution
		Debug|Any CPU = Debug|Any CPU
		Release|Any CPU = Release|Any CPU
	EndGlobalSection
	GlobalSection(ProjectConfigurationPlatforms) = postSolution
		{98ED79E1-45BD-44DF-A9CB-E7CA91E5CA01}.Debug|Any CPU.ActiveCfg = Debug|Any CPU
		{98ED79E1-45BD-44DF-A9CB-E7CA91E5CA01}.Debug|Any CPU.Build.0 = Debug|Any CPU
		{98ED79E1-45BD-44DF-A9CB-E7CA91E5CA01}.Release|Any CPU.ActiveCfg = Release|Any CPU
		{98ED79E1-45BD-44DF-A9CB-E7CA91E5CA01}.Release|Any CPU.Build.0 = Release|Any CPU
	EndGlobalSection
	GlobalSection(SolutionProperties) = preSolution
		HideSolutionNode = FALSE
	EndGlobalSection
	GlobalSection(ExtensibilityGlobals) = postSolution
		SolutionGuid = {D030EBC5-DD55-494B-A68B-AC30C3200E57}
	EndGlobalSection
EndGlobal
